schema: '2.0'
stages:
  load_data:
    cmd: python src/loadData.py --configuration=params.yaml
    deps:
    - path: dataset/winequality.csv
      md5: ccc8d3507eb151f53f760d36abdef888
      size: 91998
    - path: src/getData.py
      md5: 4354ad8f789ade41399b4ac89f8d2571
      size: 782
    - path: src/loadData.py
      md5: 661dfa1c769933cace9c5fc85661bf5d
      size: 827
    outs:
    - path: data/raw/winequality.csv
      md5: d98e8f2eca228c11c4de1cc96866a54d
      size: 91998
  split_data:
    cmd: python src/splitData.py --configuration=params.yaml
    deps:
    - path: data/raw/winequality.csv
      md5: d98e8f2eca228c11c4de1cc96866a54d
      size: 91998
    - path: src/splitData.py
      md5: 1346901ba8ed770ad4482a6688a1be1e
      size: 1149
    outs:
    - path: data/processed/test_winequality.csv
      md5: 01718da3bd6e206060ed00667ca1a389
      size: 18510
    - path: data/processed/train_winequality.csv
      md5: 4bccf4d668cdc60115de42ba74d416ab
      size: 73633
